{
    "_readme": [
        "This file locks the dependencies of your project to a known state",
        "Read more about it at https://getcomposer.org/doc/01-basic-usage.md#installing-dependencies",
        "This file is @generated automatically"
    ],
    "content-hash": "4b70c1ef4b0098fa5272085b01077117",
    "packages": [
        {
            "name": "league/flysystem",
            "version": "2.3.0",
            "source": {
                "type": "git",
                "url": "https://github.com/thephpleague/flysystem.git",
                "reference": "499313f8b65f9a4dae1c779cd974d59a6fcf0f15"
            },
            "dist": {
                "type": "zip",
                "url": "https://api.github.com/repos/thephpleague/flysystem/zipball/499313f8b65f9a4dae1c779cd974d59a6fcf0f15",
                "reference": "499313f8b65f9a4dae1c779cd974d59a6fcf0f15",
                "shasum": ""
            },
            "require": {
                "ext-json": "*",
                "league/mime-type-detection": "^1.0.0",
                "php": "^7.2 || ^8.0"
            },
            "conflict": {
                "guzzlehttp/ringphp": "<1.1.1"
            },
            "require-dev": {
                "async-aws/s3": "^1.5",
                "async-aws/simple-s3": "^1.0",
                "aws/aws-sdk-php": "^3.132.4",
                "composer/semver": "^3.0",
                "ext-fileinfo": "*",
                "friendsofphp/php-cs-fixer": "^2.16",
                "google/cloud-storage": "^1.23",
                "phpseclib/phpseclib": "^2.0",
                "phpstan/phpstan": "^0.12.26",
                "phpunit/phpunit": "^8.5 || ^9.4",
                "sabre/dav": "^4.1"
            },
            "type": "library",
            "autoload": {
                "psr-4": {
                    "League\\Flysystem\\": "src"
                }
            },
            "notification-url": "https://packagist.org/downloads/",
            "license": [
                "MIT"
            ],
            "authors": [
                {
                    "name": "Frank de Jonge",
                    "email": "info@frankdejonge.nl"
                }
            ],
            "description": "File storage abstraction for PHP",
            "keywords": [
                "WebDAV",
                "aws",
                "cloud",
                "file",
                "files",
                "filesystem",
                "filesystems",
                "ftp",
                "s3",
                "sftp",
                "storage"
            ],
            "funding": [
                {
                    "url": "https://offset.earth/frankdejonge",
                    "type": "custom"
                },
                {
                    "url": "https://github.com/frankdejonge",
                    "type": "github"
                },
                {
                    "url": "https://tidelift.com/funding/github/packagist/league/flysystem",
                    "type": "tidelift"
                }
            ],
            "time": "2021-09-22T06:09:19+00:00"
        },
        {
            "name": "league/mime-type-detection",
            "version": "1.8.0",
            "source": {
                "type": "git",
                "url": "https://github.com/thephpleague/mime-type-detection.git",
                "reference": "b38b25d7b372e9fddb00335400467b223349fd7e"
            },
            "dist": {
                "type": "zip",
                "url": "https://api.github.com/repos/thephpleague/mime-type-detection/zipball/b38b25d7b372e9fddb00335400467b223349fd7e",
                "reference": "b38b25d7b372e9fddb00335400467b223349fd7e",
                "shasum": ""
            },
            "require": {
                "ext-fileinfo": "*",
                "php": "^7.2 || ^8.0"
            },
            "require-dev": {
                "friendsofphp/php-cs-fixer": "^2.18",
                "phpstan/phpstan": "^0.12.68",
                "phpunit/phpunit": "^8.5.8 || ^9.3"
            },
            "type": "library",
            "autoload": {
                "psr-4": {
                    "League\\MimeTypeDetection\\": "src"
                }
            },
            "notification-url": "https://packagist.org/downloads/",
            "license": [
                "MIT"
            ],
            "authors": [
                {
                    "name": "Frank de Jonge",
                    "email": "info@frankdejonge.nl"
                }
            ],
            "description": "Mime-type detection for Flysystem",
            "funding": [
                {
                    "url": "https://github.com/frankdejonge",
                    "type": "github"
                },
                {
                    "url": "https://tidelift.com/funding/github/packagist/league/flysystem",
                    "type": "tidelift"
                }
            ],
            "time": "2021-09-25T08:23:19+00:00"
        },
        {
            "name": "phptal/phptal",
            "version": "1.3.0",
            "source": {
                "type": "git",
                "url": "https://github.com/phptal/PHPTAL.git",
                "reference": "090948f2c4756a068530fe648743b1849d1c51cd"
            },
            "dist": {
                "type": "zip",
                "url": "https://api.github.com/repos/phptal/PHPTAL/zipball/090948f2c4756a068530fe648743b1849d1c51cd",
                "reference": "090948f2c4756a068530fe648743b1849d1c51cd",
                "shasum": ""
            },
            "require": {
                "php": ">=5.1.2"
            },
            "type": "library",
            "autoload": {
                "psr-0": {
                    "PHPTAL": "classes/"
                }
            },
            "notification-url": "https://packagist.org/downloads/",
            "license": [
                "LGPL-2.1+"
            ],
            "authors": [
                {
                    "name": "Laurent Bédubourg",
                    "email": "lbedubourg@motion-twin.com",
                    "homepage": "http://labe.me"
                },
                {
                    "name": "Kornel Lesiński",
                    "email": "kornel@geekhood.net",
                    "homepage": "http://pornel.net/"
                }
            ],
            "description": "PHPTAL is a templating engine for PHP5 that implements Zope Page Templates syntax",
            "homepage": "http://phptal.org/",
            "keywords": [
                "phptal",
                "template engine",
                "zope"
            ],
            "time": "2014-03-15T19:29:30+00:00"
        },
        {
            "name": "symfony/process",
            "version": "v6.0.0",
            "source": {
                "type": "git",
                "url": "https://github.com/symfony/process.git",
                "reference": "d970c45c2186aa4331d1656950a82df64e232580"
            },
            "dist": {
                "type": "zip",
                "url": "https://api.github.com/repos/symfony/process/zipball/d970c45c2186aa4331d1656950a82df64e232580",
                "reference": "d970c45c2186aa4331d1656950a82df64e232580",
                "shasum": ""
            },
            "require": {
                "php": ">=8.0.2"
            },
            "type": "library",
            "autoload": {
                "psr-4": {
                    "Symfony\\Component\\Process\\": ""
                },
                "exclude-from-classmap": [
                    "/Tests/"
                ]
            },
            "notification-url": "https://packagist.org/downloads/",
            "license": [
                "MIT"
            ],
            "authors": [
                {
                    "name": "Fabien Potencier",
                    "email": "fabien@symfony.com"
                },
                {
                    "name": "Symfony Community",
                    "homepage": "https://symfony.com/contributors"
                }
            ],
            "description": "Executes commands in sub-processes",
            "homepage": "https://symfony.com",
            "funding": [
                {
                    "url": "https://symfony.com/sponsor",
                    "type": "custom"
                },
                {
                    "url": "https://github.com/fabpot",
                    "type": "github"
                },
                {
                    "url": "https://tidelift.com/funding/github/packagist/symfony/symfony",
                    "type": "tidelift"
                }
            ],
            "time": "2021-11-28T15:34:37+00:00"
        }
    ],
    "packages-dev": [],
    "aliases": [],
    "minimum-stability": "stable",
    "stability-flags": [],
    "prefer-stable": false,
    "prefer-lowest": false,
    "platform": [],
    "platform-dev": [],
    "plugin-api-version": "1.1.0"
}
