{
    "_readme": [
        "This file locks the dependencies of your project to a known state",
        "Read more about it at http://getcomposer.org/doc/01-basic-usage.md#composer-lock-the-lock-file",
        "This file is @generated automatically"
    ],
    "hash": "24e52d0191a095d07ab22506ab223ad4",
    "packages": [
        {
            "name": "league/flysystem",
            "version": "0.5.12",
            "source": {
                "type": "git",
                "url": "https://github.com/thephpleague/flysystem.git",
                "reference": "e046fe60d761e30691c642c9cc6a4089f724e805"
            },
            "dist": {
                "type": "zip",
                "url": "https://api.github.com/repos/thephpleague/flysystem/zipball/e046fe60d761e30691c642c9cc6a4089f724e805",
                "reference": "e046fe60d761e30691c642c9cc6a4089f724e805",
                "shasum": ""
            },
            "require": {
                "php": ">=5.4.0"
            },
            "require-dev": {
                "aws/aws-sdk-php": "~2.4",
                "barracuda/copy": "~1.1.4",
                "dropbox/dropbox-sdk": "~1.1.1",
                "ext-fileinfo": "*",
                "guzzlehttp/guzzle": "~4.0",
                "league/event": "~1.0",
                "league/phpunit-coverage-listener": "~1.1",
                "mockery/mockery": "~0.9",
                "phpseclib/phpseclib": "~0.3.5",
                "phpspec/phpspec": "~2.0",
                "phpunit/phpunit": "~4.0",
                "predis/predis": "~1.0",
                "rackspace/php-opencloud": "~1.10.0",
                "sabre/dav": "~2.0.2",
                "tedivm/stash": "~0.12.0"
            },
            "suggest": {
                "aws/aws-sdk-php": "Allows you to use AWS S3 storage",
                "barracuda/copy": "Allows you to use Copy.com storage",
                "dropbox/dropbox-sdk": "Allows you to use Dropbox storage",
                "ext-fileinfo": "Required for MimeType",
                "guzzlehttp/guzzle": "Allows you to use http files (reading only)",
                "league/event": "Required for EventableFilesystem",
                "phpseclib/phpseclib": "Allows SFTP server storage",
                "predis/predis": "Allows you to use Predis for caching",
                "rackspace/php-opencloud": "Allows you to use Rackspace Cloud Files",
                "sabre/dav": "Enables WebDav support",
                "tedivm/stash": "Allows you to use Stash as cache implementation"
            },
            "type": "library",
            "extra": {
                "branch-alias": {
                    "dev-master": "0.5-dev"
                }
            },
            "autoload": {
                "psr-4": {
                    "League\\Flysystem\\": "src/"
                }
            },
            "notification-url": "https://packagist.org/downloads/",
            "license": [
                "MIT"
            ],
            "authors": [
                {
                    "name": "Frank de Jonge",
                    "email": "info@frenky.net"
                }
            ],
            "description": "Many filesystems, one API.",
            "keywords": [
                "Cloud Files",
                "WebDAV",
                "aws",
                "cloud",
                "copy.com",
                "dropbox",
                "file systems",
                "files",
                "filesystem",
                "ftp",
                "rackspace",
                "remote",
                "s3",
                "sftp",
                "storage"
            ],
            "time": "2014-11-05 13:39:29"
        },
        {
            "name": "phptal/phptal",
            "version": "1.3.0",
            "source": {
                "type": "git",
                "url": "https://github.com/pornel/PHPTAL.git",
                "reference": "090948f2c4756a068530fe648743b1849d1c51cd"
            },
            "dist": {
                "type": "zip",
                "url": "https://api.github.com/repos/pornel/PHPTAL/zipball/090948f2c4756a068530fe648743b1849d1c51cd",
                "reference": "090948f2c4756a068530fe648743b1849d1c51cd",
                "shasum": ""
            },
            "require": {
                "php": ">=5.1.2"
            },
            "type": "library",
            "autoload": {
                "psr-0": {
                    "PHPTAL": "classes/"
                }
            },
            "notification-url": "https://packagist.org/downloads/",
            "license": [
                "LGPL-2.1+"
            ],
            "authors": [
                {
                    "name": "Laurent Bédubourg",
                    "email": "lbedubourg@motion-twin.com",
                    "homepage": "http://labe.me"
                },
                {
                    "name": "Kornel Lesiński",
                    "email": "kornel@geekhood.net",
                    "homepage": "http://pornel.net/"
                }
            ],
            "description": "PHPTAL is a templating engine for PHP5 that implements Zope Page Templates syntax",
            "homepage": "http://phptal.org/",
            "keywords": [
                "phptal",
                "template engine",
                "zope"
            ],
            "time": "2014-03-15 19:29:30"
        },
        {
            "name": "symfony/process",
            "version": "v2.6.6",
            "target-dir": "Symfony/Component/Process",
            "source": {
                "type": "git",
                "url": "https://github.com/symfony/Process.git",
                "reference": "a8bebaec1a9dc6cde53e0250e32917579b0be552"
            },
            "dist": {
                "type": "zip",
                "url": "https://api.github.com/repos/symfony/Process/zipball/a8bebaec1a9dc6cde53e0250e32917579b0be552",
                "reference": "a8bebaec1a9dc6cde53e0250e32917579b0be552",
                "shasum": ""
            },
            "require": {
                "php": ">=5.3.3"
            },
            "require-dev": {
                "symfony/phpunit-bridge": "~2.7"
            },
            "type": "library",
            "extra": {
                "branch-alias": {
                    "dev-master": "2.6-dev"
                }
            },
            "autoload": {
                "psr-0": {
                    "Symfony\\Component\\Process\\": ""
                }
            },
            "notification-url": "https://packagist.org/downloads/",
            "license": [
                "MIT"
            ],
            "authors": [
                {
                    "name": "Symfony Community",
                    "homepage": "http://symfony.com/contributors"
                },
                {
                    "name": "Fabien Potencier",
                    "email": "fabien@symfony.com"
                }
            ],
            "description": "Symfony Process Component",
            "homepage": "http://symfony.com",
            "time": "2015-03-30 15:54:10"
        }
    ],
    "packages-dev": [],
    "aliases": [],
    "minimum-stability": "stable",
    "stability-flags": [],
    "prefer-stable": false,
    "prefer-lowest": false,
    "platform": [],
    "platform-dev": []
}
